
Microsoft Visual Studio Solution File, Format Version 12.00
# Visual Studio Version 16
VisualStudioVersion = 16.0.30711.63
MinimumVisualStudioVersion = 10.0.40219.1
Project("{FAE04EC0-301F-11D3-BF4B-00C04F79EFBC}") = "MLNET_binclass_Credit Card Fraud Detection", "MLNET_binclass_Credit Card Fraud Detection.csproj", "{8B05B77F-A680-46E1-B7DC-DEE69F84EFCA}"
EndProject
Global
	GlobalSection(SolutionConfigurationPlatforms) = preSolution
		Debug|Any CPU = Debug|Any CPU
		Release|Any CPU = Release|Any CPU
	EndGlobalSection
	GlobalSection(ProjectConfigurationPlatforms) = postSolution
		{8B05B77F-A680-46E1-B7DC-DEE69F84EFCA}.Debug|Any CPU.ActiveCfg = Debug|Any CPU
		{8B05B77F-A680-46E1-B7DC-DEE69F84EFCA}.Debug|Any CPU.Build.0 = Debug|Any CPU
		{8B05B77F-A680-46E1-B7DC-DEE69F84EFCA}.Release|Any CPU.ActiveCfg = Release|Any CPU
		{8B05B77F-A680-46E1-B7DC-DEE69F84EFCA}.Release|Any CPU.Build.0 = Release|Any CPU
	EndGlobalSection
	GlobalSection(SolutionProperties) = preSolution
		HideSolutionNode = FALSE
	EndGlobalSection
	GlobalSection(ExtensibilityGlobals) = postSolution
		SolutionGuid = {AB4EF66F-174A-4C85-B7F5-129769B40FA5}
	EndGlobalSection
EndGlobal
